
Microsoft Visual Studio Solution File, Format Version 12.00
# Visual Studio Version 16
VisualStudioVersion = 16.0.29920.165
MinimumVisualStudioVersion = 10.0.40219.1
Project("{FAE04EC0-301F-11D3-BF4B-00C04F79EFBC}") = "SmallTools", "SmallTools.csproj", "{6E4CAB11-B8B0-4400-8AE0-D9B6FA68F114}"
EndProject
Global
	GlobalSection(SolutionConfigurationPlatforms) = preSolution
		Debug|Any CPU = Debug|Any CPU
		Release|Any CPU = Release|Any CPU
	EndGlobalSection
	GlobalSection(ProjectConfigurationPlatforms) = postSolution
		{6E4CAB11-B8B0-4400-8AE0-D9B6FA68F114}.Debug|Any CPU.ActiveCfg = Debug|Any CPU
		{6E4CAB11-B8B0-4400-8AE0-D9B6FA68F114}.Debug|Any CPU.Build.0 = Debug|Any CPU
		{6E4CAB11-B8B0-4400-8AE0-D9B6FA68F114}.Release|Any CPU.ActiveCfg = Release|Any CPU
		{6E4CAB11-B8B0-4400-8AE0-D9B6FA68F114}.Release|Any CPU.Build.0 = Release|Any CPU
	EndGlobalSection
	GlobalSection(SolutionProperties) = preSolution
		HideSolutionNode = FALSE
	EndGlobalSection
	GlobalSection(ExtensibilityGlobals) = postSolution
		SolutionGuid = {9436B2EB-19A3-40D2-BE86-46B4A9244214}
	EndGlobalSection
EndGlobal
